# THIS IS AN AUTOGENERATED FILE. DO NOT EDIT THIS FILE DIRECTLY.
# yarn lockfile v1


es-module-shims@^1.5.16:
  version "1.5.16"
  resolved "https://registry.yarnpkg.com/es-module-shims/-/es-module-shims-1.5.16.tgz#c554bb8fcd9e2c565bfcebba3a423cdce07623e2"
  integrity sha512-IluQmzUl0E9FW0cBf8mrWFEAjRpXSx3dYn2NDPHkEZIPj0BWa+acvfpHM8whUMh2oVBXp4+XPo2N6jhnrdLPJQ==
